
Microsoft Visual Studio Solution File, Format Version 12.00
# Visual Studio Version 17
VisualStudioVersion = 17.3.32804.467
MinimumVisualStudioVersion = 10.0.40219.1
Project("{FAE04EC0-301F-11D3-BF4B-00C04F79EFBC}") = "Mall_Shoprite", "Mall_Shoprite.csproj", "{F4BA6939-DCC9-4180-B5AF-64B9D0AFC354}"
EndProject
Global
	GlobalSection(SolutionConfigurationPlatforms) = preSolution
		Debug|Any CPU = Debug|Any CPU
		Release|Any CPU = Release|Any CPU
	EndGlobalSection
	GlobalSection(ProjectConfigurationPlatforms) = postSolution
		{F4BA6939-DCC9-4180-B5AF-64B9D0AFC354}.Debug|Any CPU.ActiveCfg = Debug|Any CPU
		{F4BA6939-DCC9-4180-B5AF-64B9D0AFC354}.Debug|Any CPU.Build.0 = Debug|Any CPU
		{F4BA6939-DCC9-4180-B5AF-64B9D0AFC354}.Release|Any CPU.ActiveCfg = Release|Any CPU
		{F4BA6939-DCC9-4180-B5AF-64B9D0AFC354}.Release|Any CPU.Build.0 = Release|Any CPU
	EndGlobalSection
	GlobalSection(SolutionProperties) = preSolution
		HideSolutionNode = FALSE
	EndGlobalSection
	GlobalSection(ExtensibilityGlobals) = postSolution
		SolutionGuid = {5B940C0C-CF27-4A1B-A8DD-97AD6F79BB20}
	EndGlobalSection
EndGlobal
